{
  "name": "assets",
  "lockfileVersion": 3,
  "requires": true,
  "packages": {
    "": {
      "dependencies": {
        "@alpinejs/collapse": "^3.14.7",
        "alpinejs": "^3.14.7",
        "phoenix_default": "../deps/phoenix",
        "phoenix_dep": "../../phoenix",
        "phoenix_html_default": "../deps/phoenix_html",
        "phoenix_html_dep": "../../phoenix_html",
        "phoenix_live_view_default": "../deps/phoenix_live_view",
        "phoenix_live_view_dep": "../../phoenix_live_view"
      },
      "devDependencies": {
        "prettier": "^3.5.1"
      }
    },
    "../../phoenix": {},
    "../../phoenix_html": {},
    "../../phoenix_live_view": {},
    "../deps/phoenix": {
      "version": "1.7.18",
      "license": "MIT"
    },
    "../deps/phoenix_html": {
      "version": "4.2.0"
    },
    "../deps/phoenix_live_view": {
      "version": "1.0.2",
      "license": "MIT",
      "devDependencies": {
        "@eslint/js": "^9.10.0",
        "@playwright/test": "^1.47.1",
        "eslint-plugin-playwright": "^2.1.0",
        "monocart-reporter": "^2.8.0"
      }
    },
    "node_modules/@alpinejs/collapse": {
      "version": "3.14.9",
      "resolved": "https://registry.npmjs.org/@alpinejs/collapse/-/collapse-3.14.9.tgz",
      "integrity": "sha512-cUjbBVo4KR/CfFg0cLB+Q7a8SnjmD4MdxmtZvFjh25Dlf/ZWYPSPx/28b+aAykuX/SUoDPQRmdFiVVvq+iILHw==",
      "license": "MIT"
    },
    "node_modules/@vue/reactivity": {
      "version": "3.1.5",
      "resolved": "https://registry.npmjs.org/@vue/reactivity/-/reactivity-3.1.5.tgz",
      "integrity": "sha512-1tdfLmNjWG6t/CsPldh+foumYFo3cpyCHgBYQ34ylaMsJ+SNHQ1kApMIa8jN+i593zQuaw3AdWH0nJTARzCFhg==",
      "license": "MIT",
      "dependencies": {
        "@vue/shared": "3.1.5"
      }
    },
    "node_modules/@vue/shared": {
      "version": "3.1.5",
      "resolved": "https://registry.npmjs.org/@vue/shared/-/shared-3.1.5.tgz",
      "integrity": "sha512-oJ4F3TnvpXaQwZJNF3ZK+kLPHKarDmJjJ6jyzVNDKH9md1dptjC7lWR//jrGuLdek/U6iltWxqAnYOu8gCiOvA==",
      "license": "MIT"
    },
    "node_modules/alpinejs": {
      "version": "3.14.9",
      "resolved": "https://registry.npmjs.org/alpinejs/-/alpinejs-3.14.9.tgz",
      "integrity": "sha512-gqSOhTEyryU9FhviNqiHBHzgjkvtukq9tevew29fTj+ofZtfsYriw4zPirHHOAy9bw8QoL3WGhyk7QqCh5AYlw==",
      "license": "MIT",
      "dependencies": {
        "@vue/reactivity": "~3.1.1"
      }
    },
    "node_modules/phoenix_default": {
      "resolved": "../deps/phoenix",
      "link": true
    },
    "node_modules/phoenix_dep": {
      "resolved": "../../phoenix",
      "link": true
    },
    "node_modules/phoenix_html_default": {
      "resolved": "../deps/phoenix_html",
      "link": true
    },
    "node_modules/phoenix_html_dep": {
      "resolved": "../../phoenix_html",
      "link": true
    },
    "node_modules/phoenix_live_view_default": {
      "resolved": "../deps/phoenix_live_view",
      "link": true
    },
    "node_modules/phoenix_live_view_dep": {
      "resolved": "../../phoenix_live_view",
      "link": true
    },
    "node_modules/prettier": {
      "version": "3.5.3",
      "resolved": "https://registry.npmjs.org/prettier/-/prettier-3.5.3.tgz",
      "integrity": "sha512-QQtaxnoDJeAkDvDKWCLiwIXkTgRhwYDEQCghU9Z6q03iyek/rxRh/2lC3HB7P8sWT2xC/y5JDctPLBIGzHKbhw==",
      "dev": true,
      "license": "MIT",
      "bin": {
        "prettier": "bin/prettier.cjs"
      },
      "engines": {
        "node": ">=14"
      },
      "funding": {
        "url": "https://github.com/prettier/prettier?sponsor=1"
      }
    }
  }
}
