{
    "name": "assets",
    "lockfileVersion": 3,
    "requires": true,
    "packages": {
        "": {
            "dependencies": {
                "@alpinejs/collapse": "^3.14.7",
                "alpinejs": "^3.14.7",
                "phoenix": "^1.7.17",
                "phoenix_html": "^3.3.4",
                "phoenix_live_view": "^1.0.0"
            },
            "devDependencies": {
                "prettier": "3.4.2"
            }
        },
        "node_modules/@alpinejs/collapse": {
            "version": "3.14.7",
            "resolved": "https://registry.npmjs.org/@alpinejs/collapse/-/collapse-3.14.7.tgz",
            "integrity": "sha512-Hptlo9ZIZuoW+7JCXumTe6MpiYX7E4a2OeRjQFNLQh9A1ubZJLO2ArsAJ1bN6b5RrcqXz921X7A+HE7Mj7lSbQ==",
            "license": "MIT"
        },
        "node_modules/@vue/reactivity": {
            "version": "3.1.5",
            "resolved": "https://registry.npmjs.org/@vue/reactivity/-/reactivity-3.1.5.tgz",
            "integrity": "sha512-1tdfLmNjWG6t/CsPldh+foumYFo3cpyCHgBYQ34ylaMsJ+SNHQ1kApMIa8jN+i593zQuaw3AdWH0nJTARzCFhg==",
            "dependencies": {
                "@vue/shared": "3.1.5"
            }
        },
        "node_modules/@vue/shared": {
            "version": "3.1.5",
            "resolved": "https://registry.npmjs.org/@vue/shared/-/shared-3.1.5.tgz",
            "integrity": "sha512-oJ4F3TnvpXaQwZJNF3ZK+kLPHKarDmJjJ6jyzVNDKH9md1dptjC7lWR//jrGuLdek/U6iltWxqAnYOu8gCiOvA=="
        },
        "node_modules/alpinejs": {
            "version": "3.14.7",
            "resolved": "https://registry.npmjs.org/alpinejs/-/alpinejs-3.14.7.tgz",
            "integrity": "sha512-ScnbydNBcWVnCiVupD3wWUvoMPm8244xkvDNMxVCspgmap9m4QuJ7pjc+77UtByU+1+Ejg0wzYkP4mQaOMcvng==",
            "dependencies": {
                "@vue/reactivity": "~3.1.1"
            }
        },
        "node_modules/phoenix": {
            "version": "1.7.17",
            "resolved": "https://registry.npmjs.org/phoenix/-/phoenix-1.7.17.tgz",
            "integrity": "sha512-zcoynRYCTbVGvDx07y4dHmqzG01B9qGag3U+KPhUu0G54l7ZZSf8nZrXX3JPfcquIZ7kZkrK/kZGmiKjcF5OYA=="
        },
        "node_modules/phoenix_html": {
            "version": "3.3.4",
            "resolved": "https://registry.npmjs.org/phoenix_html/-/phoenix_html-3.3.4.tgz",
            "integrity": "sha512-IkKAeP4sAuFzwtSSUbSNP/nL0H6WHcHfpe+/F7wOzyjYtijkAO2wTH8maA7vpTRhUBU5Dck5V8SEEhDuUy1mMA=="
        },
        "node_modules/phoenix_live_view": {
            "version": "1.0.0",
            "resolved": "https://registry.npmjs.org/phoenix_live_view/-/phoenix_live_view-1.0.0.tgz",
            "integrity": "sha512-YRHoW58/yB+AW1byHf/1leskHwc87ynx/pOhJmPSdehojGogV80MtTzl3EA0EmdHVwbYkUvXSDfBB8UfXWGdYw=="
        },
        "node_modules/prettier": {
            "version": "3.4.2",
            "resolved": "https://registry.npmjs.org/prettier/-/prettier-3.4.2.tgz",
            "integrity": "sha512-e9MewbtFo+Fevyuxn/4rrcDAaq0IYxPGLvObpQjiZBMAzB9IGmzlnG9RZy3FFas+eBMu2vA0CszMeduow5dIuQ==",
            "dev": true,
            "license": "MIT",
            "bin": {
                "prettier": "bin/prettier.cjs"
            },
            "engines": {
                "node": ">=14"
            },
            "funding": {
                "url": "https://github.com/prettier/prettier?sponsor=1"
            }
        }
    }
}
