{
  "name": "assets",
  "lockfileVersion": 3,
  "requires": true,
  "packages": {
    "": {
      "dependencies": {
        "phoenix": "^1.7.17",
        "phoenix_html": "^3.3.4",
        "phoenix_live_view": "^1.0.0"
      }
    },
    "node_modules/phoenix": {
      "version": "1.7.17",
      "resolved": "https://registry.npmjs.org/phoenix/-/phoenix-1.7.17.tgz",
      "integrity": "sha512-zcoynRYCTbVGvDx07y4dHmqzG01B9qGag3U+KPhUu0G54l7ZZSf8nZrXX3JPfcquIZ7kZkrK/kZGmiKjcF5OYA=="
    },
    "node_modules/phoenix_html": {
      "version": "3.3.4",
      "resolved": "https://registry.npmjs.org/phoenix_html/-/phoenix_html-3.3.4.tgz",
      "integrity": "sha512-IkKAeP4sAuFzwtSSUbSNP/nL0H6WHcHfpe+/F7wOzyjYtijkAO2wTH8maA7vpTRhUBU5Dck5V8SEEhDuUy1mMA=="
    },
    "node_modules/phoenix_live_view": {
      "version": "1.0.0",
      "resolved": "https://registry.npmjs.org/phoenix_live_view/-/phoenix_live_view-1.0.0.tgz",
      "integrity": "sha512-YRHoW58/yB+AW1byHf/1leskHwc87ynx/pOhJmPSdehojGogV80MtTzl3EA0EmdHVwbYkUvXSDfBB8UfXWGdYw=="
    }
  }
}
